
Microsoft Visual Studio Solution File, Format Version 12.00
# Visual Studio 15
VisualStudioVersion = 15.0.27428.2027
MinimumVisualStudioVersion = 10.0.40219.1
Project("{FAE04EC0-301F-11D3-BF4B-00C04F79EFBC}") = "Bank", "Bank\Bank.csproj", "{0FAA2F63-FD72-4EDB-B4C1-D34018DE8954}"
EndProject
Project("{FAE04EC0-301F-11D3-BF4B-00C04F79EFBC}") = "BankTest", "BankTest\BankTest.csproj", "{6247186A-02C2-4537-821A-853C9C8EE60F}"
EndProject
Global
	GlobalSection(SolutionConfigurationPlatforms) = preSolution
		Debug|Any CPU = Debug|Any CPU
		Release|Any CPU = Release|Any CPU
	EndGlobalSection
	GlobalSection(ProjectConfigurationPlatforms) = postSolution
		{0FAA2F63-FD72-4EDB-B4C1-D34018DE8954}.Debug|Any CPU.ActiveCfg = Debug|Any CPU
		{0FAA2F63-FD72-4EDB-B4C1-D34018DE8954}.Debug|Any CPU.Build.0 = Debug|Any CPU
		{0FAA2F63-FD72-4EDB-B4C1-D34018DE8954}.Release|Any CPU.ActiveCfg = Release|Any CPU
		{0FAA2F63-FD72-4EDB-B4C1-D34018DE8954}.Release|Any CPU.Build.0 = Release|Any CPU
		{6247186A-02C2-4537-821A-853C9C8EE60F}.Debug|Any CPU.ActiveCfg = Debug|Any CPU
		{6247186A-02C2-4537-821A-853C9C8EE60F}.Debug|Any CPU.Build.0 = Debug|Any CPU
		{6247186A-02C2-4537-821A-853C9C8EE60F}.Release|Any CPU.ActiveCfg = Release|Any CPU
		{6247186A-02C2-4537-821A-853C9C8EE60F}.Release|Any CPU.Build.0 = Release|Any CPU
	EndGlobalSection
	GlobalSection(SolutionProperties) = preSolution
		HideSolutionNode = FALSE
	EndGlobalSection
	GlobalSection(ExtensibilityGlobals) = postSolution
		SolutionGuid = {52743890-AE63-4E8E-802C-BB2A37107540}
	EndGlobalSection
EndGlobal
